
Microsoft Visual Studio Solution File, Format Version 12.00
# Visual Studio Version 17
VisualStudioVersion = 17.3.32922.545
MinimumVisualStudioVersion = 10.0.40219.1
Project("{FAE04EC0-301F-11D3-BF4B-00C04F79EFBC}") = "Bubble sort", "Bubble sort\Bubble sort.csproj", "{E37FF8A3-2784-41DD-8465-FE57F333D429}"
EndProject
Global
	GlobalSection(SolutionConfigurationPlatforms) = preSolution
		Debug|Any CPU = Debug|Any CPU
		Release|Any CPU = Release|Any CPU
	EndGlobalSection
	GlobalSection(ProjectConfigurationPlatforms) = postSolution
		{E37FF8A3-2784-41DD-8465-FE57F333D429}.Debug|Any CPU.ActiveCfg = Debug|Any CPU
		{E37FF8A3-2784-41DD-8465-FE57F333D429}.Debug|Any CPU.Build.0 = Debug|Any CPU
		{E37FF8A3-2784-41DD-8465-FE57F333D429}.Release|Any CPU.ActiveCfg = Release|Any CPU
		{E37FF8A3-2784-41DD-8465-FE57F333D429}.Release|Any CPU.Build.0 = Release|Any CPU
	EndGlobalSection
	GlobalSection(SolutionProperties) = preSolution
		HideSolutionNode = FALSE
	EndGlobalSection
	GlobalSection(ExtensibilityGlobals) = postSolution
		SolutionGuid = {00C7AE68-9105-40E2-97F1-BE6FED0CAD40}
	EndGlobalSection
EndGlobal
